// !$*UTF8*$!
{
	archiveVersion = 1;
	classes = {
	};
	objectVersion = 56;
	objects = {

/* Begin PBXBuildFile section */
		38101FBC29328A7C0081F024 /* TitanicSeilor.swift in Sources */ = {isa = PBXBuildFile; fileRef = 38101FBB29328A7C0081F024 /* TitanicSeilor.swift */; };
		38101FBE29328AB00081F024 /* Calculator.swift in Sources */ = {isa = PBXBuildFile; fileRef = 38101FBD29328AB00081F024 /* Calculator.swift */; };
		38101FC029328C780081F024 /* Movable.swift in Sources */ = {isa = PBXBuildFile; fileRef = 38101FBF29328C780081F024 /* Movable.swift */; };
		38101FC229328C960081F024 /* Fightable.swift in Sources */ = {isa = PBXBuildFile; fileRef = 38101FC129328C960081F024 /* Fightable.swift */; };
		38101FC429328CAF0081F024 /* Hero.swift in Sources */ = {isa = PBXBuildFile; fileRef = 38101FC329328CAF0081F024 /* Hero.swift */; };
		38101FC629328CF90081F024 /* Sportsman.swift in Sources */ = {isa = PBXBuildFile; fileRef = 38101FC529328CF90081F024 /* Sportsman.swift */; };
		38101FC829328D150081F024 /* Sprinter.swift in Sources */ = {isa = PBXBuildFile; fileRef = 38101FC729328D150081F024 /* Sprinter.swift */; };
		38101FCA29328D2B0081F024 /* Fighter.swift in Sources */ = {isa = PBXBuildFile; fileRef = 38101FC929328D2B0081F024 /* Fighter.swift */; };
		38101FCC29328D410081F024 /* Mma.swift in Sources */ = {isa = PBXBuildFile; fileRef = 38101FCB29328D410081F024 /* Mma.swift */; };
		38101FCE29328D580081F024 /* MmaHeros.swift in Sources */ = {isa = PBXBuildFile; fileRef = 38101FCD29328D580081F024 /* MmaHeros.swift */; };
		384CB102292CDB1800B9B8B4 /* ExtensionInt.swift in Sources */ = {isa = PBXBuildFile; fileRef = 384CB101292CDB1800B9B8B4 /* ExtensionInt.swift */; };
		385167982935342C00CF75BA /* ExtensionString.swift in Sources */ = {isa = PBXBuildFile; fileRef = 385167972935342C00CF75BA /* ExtensionString.swift */; };
		385A06652923F77700266DA8 /* AppDelegate.swift in Sources */ = {isa = PBXBuildFile; fileRef = 385A06642923F77700266DA8 /* AppDelegate.swift */; };
		385A06672923F77700266DA8 /* SceneDelegate.swift in Sources */ = {isa = PBXBuildFile; fileRef = 385A06662923F77700266DA8 /* SceneDelegate.swift */; };
		385A06692923F77700266DA8 /* ViewController.swift in Sources */ = {isa = PBXBuildFile; fileRef = 385A06682923F77700266DA8 /* ViewController.swift */; };
		385A066C2923F77700266DA8 /* Main.storyboard in Resources */ = {isa = PBXBuildFile; fileRef = 385A066A2923F77700266DA8 /* Main.storyboard */; };
		385A066E2923F77800266DA8 /* Assets.xcassets in Resources */ = {isa = PBXBuildFile; fileRef = 385A066D2923F77800266DA8 /* Assets.xcassets */; };
		385A06712923F77800266DA8 /* LaunchScreen.storyboard in Resources */ = {isa = PBXBuildFile; fileRef = 385A066F2923F77800266DA8 /* LaunchScreen.storyboard */; };
		385A06792923F79300266DA8 /* Sailor.swift in Sources */ = {isa = PBXBuildFile; fileRef = 385A06782923F79300266DA8 /* Sailor.swift */; };
		385A067B2923FA2600266DA8 /* Ship.swift in Sources */ = {isa = PBXBuildFile; fileRef = 385A067A2923FA2600266DA8 /* Ship.swift */; };
		385A067D2924041B00266DA8 /* Titanic.swift in Sources */ = {isa = PBXBuildFile; fileRef = 385A067C2924041B00266DA8 /* Titanic.swift */; };
		385A067F29240F7800266DA8 /* CalculatorPro.swift in Sources */ = {isa = PBXBuildFile; fileRef = 385A067E29240F7800266DA8 /* CalculatorPro.swift */; };
		385D8649292B91CE007D9F14 /* StreetFightHeros.swift in Sources */ = {isa = PBXBuildFile; fileRef = 385D8648292B91CE007D9F14 /* StreetFightHeros.swift */; };
		385D864B292BBAF1007D9F14 /* Tavern.swift in Sources */ = {isa = PBXBuildFile; fileRef = 385D864A292BBAF1007D9F14 /* Tavern.swift */; };
/* End PBXBuildFile section */

/* Begin PBXFileReference section */
		38101FBB29328A7C0081F024 /* TitanicSeilor.swift */ = {isa = PBXFileReference; lastKnownFileType = sourcecode.swift; path = TitanicSeilor.swift; sourceTree = "<group>"; };
		38101FBD29328AB00081F024 /* Calculator.swift */ = {isa = PBXFileReference; lastKnownFileType = sourcecode.swift; path = Calculator.swift; sourceTree = "<group>"; };
		38101FBF29328C780081F024 /* Movable.swift */ = {isa = PBXFileReference; lastKnownFileType = sourcecode.swift; path = Movable.swift; sourceTree = "<group>"; };
		38101FC129328C960081F024 /* Fightable.swift */ = {isa = PBXFileReference; lastKnownFileType = sourcecode.swift; path = Fightable.swift; sourceTree = "<group>"; };
		38101FC329328CAF0081F024 /* Hero.swift */ = {isa = PBXFileReference; lastKnownFileType = sourcecode.swift; path = Hero.swift; sourceTree = "<group>"; };
		38101FC529328CF90081F024 /* Sportsman.swift */ = {isa = PBXFileReference; lastKnownFileType = sourcecode.swift; path = Sportsman.swift; sourceTree = "<group>"; };
		38101FC729328D150081F024 /* Sprinter.swift */ = {isa = PBXFileReference; lastKnownFileType = sourcecode.swift; path = Sprinter.swift; sourceTree = "<group>"; };
		38101FC929328D2B0081F024 /* Fighter.swift */ = {isa = PBXFileReference; lastKnownFileType = sourcecode.swift; path = Fighter.swift; sourceTree = "<group>"; };
		38101FCB29328D410081F024 /* Mma.swift */ = {isa = PBXFileReference; lastKnownFileType = sourcecode.swift; path = Mma.swift; sourceTree = "<group>"; };
		38101FCD29328D580081F024 /* MmaHeros.swift */ = {isa = PBXFileReference; lastKnownFileType = sourcecode.swift; path = MmaHeros.swift; sourceTree = "<group>"; };
		384CB101292CDB1800B9B8B4 /* ExtensionInt.swift */ = {isa = PBXFileReference; lastKnownFileType = sourcecode.swift; path = ExtensionInt.swift; sourceTree = "<group>"; };
		385167972935342C00CF75BA /* ExtensionString.swift */ = {isa = PBXFileReference; lastKnownFileType = sourcecode.swift; path = ExtensionString.swift; sourceTree = "<group>"; };
		385A06612923F77700266DA8 /* Homework 2.app */ = {isa = PBXFileReference; explicitFileType = wrapper.application; includeInIndex = 0; path = "Homework 2.app"; sourceTree = BUILT_PRODUCTS_DIR; };
		385A06642923F77700266DA8 /* AppDelegate.swift */ = {isa = PBXFileReference; lastKnownFileType = sourcecode.swift; path = AppDelegate.swift; sourceTree = "<group>"; };
		385A06662923F77700266DA8 /* SceneDelegate.swift */ = {isa = PBXFileReference; lastKnownFileType = sourcecode.swift; path = SceneDelegate.swift; sourceTree = "<group>"; };
		385A06682923F77700266DA8 /* ViewController.swift */ = {isa = PBXFileReference; lastKnownFileType = sourcecode.swift; path = ViewController.swift; sourceTree = "<group>"; };
		385A066B2923F77700266DA8 /* Base */ = {isa = PBXFileReference; lastKnownFileType = file.storyboard; name = Base; path = Base.lproj/Main.storyboard; sourceTree = "<group>"; };
		385A066D2923F77800266DA8 /* Assets.xcassets */ = {isa = PBXFileReference; lastKnownFileType = folder.assetcatalog; path = Assets.xcassets; sourceTree = "<group>"; };
		385A06702923F77800266DA8 /* Base */ = {isa = PBXFileReference; lastKnownFileType = file.storyboard; name = Base; path = Base.lproj/LaunchScreen.storyboard; sourceTree = "<group>"; };
		385A06722923F77800266DA8 /* Info.plist */ = {isa = PBXFileReference; lastKnownFileType = text.plist.xml; path = Info.plist; sourceTree = "<group>"; };
		385A06782923F79300266DA8 /* Sailor.swift */ = {isa = PBXFileReference; lastKnownFileType = sourcecode.swift; path = Sailor.swift; sourceTree = "<group>"; };
		385A067A2923FA2600266DA8 /* Ship.swift */ = {isa = PBXFileReference; lastKnownFileType = sourcecode.swift; path = Ship.swift; sourceTree = "<group>"; };
		385A067C2924041B00266DA8 /* Titanic.swift */ = {isa = PBXFileReference; lastKnownFileType = sourcecode.swift; path = Titanic.swift; sourceTree = "<group>"; };
		385A067E29240F7800266DA8 /* CalculatorPro.swift */ = {isa = PBXFileReference; lastKnownFileType = sourcecode.swift; path = CalculatorPro.swift; sourceTree = "<group>"; };
		385D8648292B91CE007D9F14 /* StreetFightHeros.swift */ = {isa = PBXFileReference; lastKnownFileType = sourcecode.swift; path = StreetFightHeros.swift; sourceTree = "<group>"; };
		385D864A292BBAF1007D9F14 /* Tavern.swift */ = {isa = PBXFileReference; lastKnownFileType = sourcecode.swift; path = Tavern.swift; sourceTree = "<group>"; };
/* End PBXFileReference section */

/* Begin PBXFrameworksBuildPhase section */
		385A065E2923F77700266DA8 /* Frameworks */ = {
			isa = PBXFrameworksBuildPhase;
			buildActionMask = 2147483647;
			files = (
			);
			runOnlyForDeploymentPostprocessing = 0;
		};
/* End PBXFrameworksBuildPhase section */

/* Begin PBXGroup section */
		385A06582923F77700266DA8 = {
			isa = PBXGroup;
			children = (
				385A06632923F77700266DA8 /* Homework 2 */,
				385A06622923F77700266DA8 /* Products */,
			);
			sourceTree = "<group>";
		};
		385A06622923F77700266DA8 /* Products */ = {
			isa = PBXGroup;
			children = (
				385A06612923F77700266DA8 /* Homework 2.app */,
			);
			name = Products;
			sourceTree = "<group>";
		};
		385A06632923F77700266DA8 /* Homework 2 */ = {
			isa = PBXGroup;
			children = (
				385A06642923F77700266DA8 /* AppDelegate.swift */,
				385A06662923F77700266DA8 /* SceneDelegate.swift */,
				385A06682923F77700266DA8 /* ViewController.swift */,
				385A06782923F79300266DA8 /* Sailor.swift */,
				385A067A2923FA2600266DA8 /* Ship.swift */,
				385A067C2924041B00266DA8 /* Titanic.swift */,
				38101FBB29328A7C0081F024 /* TitanicSeilor.swift */,
				38101FBD29328AB00081F024 /* Calculator.swift */,
				385A067E29240F7800266DA8 /* CalculatorPro.swift */,
				38101FBF29328C780081F024 /* Movable.swift */,
				38101FC129328C960081F024 /* Fightable.swift */,
				38101FC329328CAF0081F024 /* Hero.swift */,
				38101FC529328CF90081F024 /* Sportsman.swift */,
				38101FC729328D150081F024 /* Sprinter.swift */,
				38101FC929328D2B0081F024 /* Fighter.swift */,
				38101FCB29328D410081F024 /* Mma.swift */,
				38101FCD29328D580081F024 /* MmaHeros.swift */,
				385D8648292B91CE007D9F14 /* StreetFightHeros.swift */,
				385D864A292BBAF1007D9F14 /* Tavern.swift */,
				384CB101292CDB1800B9B8B4 /* ExtensionInt.swift */,
				385167972935342C00CF75BA /* ExtensionString.swift */,
				385A066A2923F77700266DA8 /* Main.storyboard */,
				385A066D2923F77800266DA8 /* Assets.xcassets */,
				385A066F2923F77800266DA8 /* LaunchScreen.storyboard */,
				385A06722923F77800266DA8 /* Info.plist */,
			);
			path = "Homework 2";
			sourceTree = "<group>";
		};
/* End PBXGroup section */

/* Begin PBXNativeTarget section */
		385A06602923F77700266DA8 /* Homework 2 */ = {
			isa = PBXNativeTarget;
			buildConfigurationList = 385A06752923F77800266DA8 /* Build configuration list for PBXNativeTarget "Homework 2" */;
			buildPhases = (
				385A065D2923F77700266DA8 /* Sources */,
				385A065E2923F77700266DA8 /* Frameworks */,
				385A065F2923F77700266DA8 /* Resources */,
			);
			buildRules = (
			);
			dependencies = (
			);
			name = "Homework 2";
			productName = "Homework 2";
			productReference = 385A06612923F77700266DA8 /* Homework 2.app */;
			productType = "com.apple.product-type.application";
		};
/* End PBXNativeTarget section */

/* Begin PBXProject section */
		385A06592923F77700266DA8 /* Project object */ = {
			isa = PBXProject;
			attributes = {
				BuildIndependentTargetsInParallel = 1;
				LastSwiftUpdateCheck = 1410;
				LastUpgradeCheck = 1410;
				TargetAttributes = {
					385A06602923F77700266DA8 = {
						CreatedOnToolsVersion = 14.1;
					};
				};
			};
			buildConfigurationList = 385A065C2923F77700266DA8 /* Build configuration list for PBXProject "Homework 2" */;
			compatibilityVersion = "Xcode 14.0";
			developmentRegion = en;
			hasScannedForEncodings = 0;
			knownRegions = (
				en,
				Base,
			);
			mainGroup = 385A06582923F77700266DA8;
			productRefGroup = 385A06622923F77700266DA8 /* Products */;
			projectDirPath = "";
			projectRoot = "";
			targets = (
				385A06602923F77700266DA8 /* Homework 2 */,
			);
		};
/* End PBXProject section */

/* Begin PBXResourcesBuildPhase section */
		385A065F2923F77700266DA8 /* Resources */ = {
			isa = PBXResourcesBuildPhase;
			buildActionMask = 2147483647;
			files = (
				385A06712923F77800266DA8 /* LaunchScreen.storyboard in Resources */,
				385A066E2923F77800266DA8 /* Assets.xcassets in Resources */,
				385A066C2923F77700266DA8 /* Main.storyboard in Resources */,
			);
			runOnlyForDeploymentPostprocessing = 0;
		};
/* End PBXResourcesBuildPhase section */

/* Begin PBXSourcesBuildPhase section */
		385A065D2923F77700266DA8 /* Sources */ = {
			isa = PBXSourcesBuildPhase;
			buildActionMask = 2147483647;
			files = (
				385A067B2923FA2600266DA8 /* Ship.swift in Sources */,
				38101FCE29328D580081F024 /* MmaHeros.swift in Sources */,
				38101FCA29328D2B0081F024 /* Fighter.swift in Sources */,
				38101FC629328CF90081F024 /* Sportsman.swift in Sources */,
				385A06692923F77700266DA8 /* ViewController.swift in Sources */,
				385167982935342C00CF75BA /* ExtensionString.swift in Sources */,
				38101FC029328C780081F024 /* Movable.swift in Sources */,
				38101FBC29328A7C0081F024 /* TitanicSeilor.swift in Sources */,
				38101FC229328C960081F024 /* Fightable.swift in Sources */,
				38101FC429328CAF0081F024 /* Hero.swift in Sources */,
				385A067F29240F7800266DA8 /* CalculatorPro.swift in Sources */,
				384CB102292CDB1800B9B8B4 /* ExtensionInt.swift in Sources */,
				38101FBE29328AB00081F024 /* Calculator.swift in Sources */,
				38101FCC29328D410081F024 /* Mma.swift in Sources */,
				385D864B292BBAF1007D9F14 /* Tavern.swift in Sources */,
				385D8649292B91CE007D9F14 /* StreetFightHeros.swift in Sources */,
				385A06652923F77700266DA8 /* AppDelegate.swift in Sources */,
				385A067D2924041B00266DA8 /* Titanic.swift in Sources */,
				385A06792923F79300266DA8 /* Sailor.swift in Sources */,
				38101FC829328D150081F024 /* Sprinter.swift in Sources */,
				385A06672923F77700266DA8 /* SceneDelegate.swift in Sources */,
			);
			runOnlyForDeploymentPostprocessing = 0;
		};
/* End PBXSourcesBuildPhase section */

/* Begin PBXVariantGroup section */
		385A066A2923F77700266DA8 /* Main.storyboard */ = {
			isa = PBXVariantGroup;
			children = (
				385A066B2923F77700266DA8 /* Base */,
			);
			name = Main.storyboard;
			sourceTree = "<group>";
		};
		385A066F2923F77800266DA8 /* LaunchScreen.storyboard */ = {
			isa = PBXVariantGroup;
			children = (
				385A06702923F77800266DA8 /* Base */,
			);
			name = LaunchScreen.storyboard;
			sourceTree = "<group>";
		};
/* End PBXVariantGroup section */

/* Begin XCBuildConfiguration section */
		385A06732923F77800266DA8 /* Debug */ = {
			isa = XCBuildConfiguration;
			buildSettings = {
				ALWAYS_SEARCH_USER_PATHS = NO;
				CLANG_ANALYZER_NONNULL = YES;
				CLANG_ANALYZER_NUMBER_OBJECT_CONVERSION = YES_AGGRESSIVE;
				CLANG_CXX_LANGUAGE_STANDARD = "gnu++20";
				CLANG_ENABLE_MODULES = YES;
				CLANG_ENABLE_OBJC_ARC = YES;
				CLANG_ENABLE_OBJC_WEAK = YES;
				CLANG_WARN_BLOCK_CAPTURE_AUTORELEASING = YES;
				CLANG_WARN_BOOL_CONVERSION = YES;
				CLANG_WARN_COMMA = YES;
				CLANG_WARN_CONSTANT_CONVERSION = YES;
				CLANG_WARN_DEPRECATED_OBJC_IMPLEMENTATIONS = YES;
				CLANG_WARN_DIRECT_OBJC_ISA_USAGE = YES_ERROR;
				CLANG_WARN_DOCUMENTATION_COMMENTS = YES;
				CLANG_WARN_EMPTY_BODY = YES;
				CLANG_WARN_ENUM_CONVERSION = YES;
				CLANG_WARN_INFINITE_RECURSION = YES;
				CLANG_WARN_INT_CONVERSION = YES;
				CLANG_WARN_NON_LITERAL_NULL_CONVERSION = YES;
				CLANG_WARN_OBJC_IMPLICIT_RETAIN_SELF = YES;
				CLANG_WARN_OBJC_LITERAL_CONVERSION = YES;
				CLANG_WARN_OBJC_ROOT_CLASS = YES_ERROR;
				CLANG_WARN_QUOTED_INCLUDE_IN_FRAMEWORK_HEADER = YES;
				CLANG_WARN_RANGE_LOOP_ANALYSIS = YES;
				CLANG_WARN_STRICT_PROTOTYPES = YES;
				CLANG_WARN_SUSPICIOUS_MOVE = YES;
				CLANG_WARN_UNGUARDED_AVAILABILITY = YES_AGGRESSIVE;
				CLANG_WARN_UNREACHABLE_CODE = YES;
				CLANG_WARN__DUPLICATE_METHOD_MATCH = YES;
				COPY_PHASE_STRIP = NO;
				DEBUG_INFORMATION_FORMAT = dwarf;
				ENABLE_STRICT_OBJC_MSGSEND = YES;
				ENABLE_TESTABILITY = YES;
				GCC_C_LANGUAGE_STANDARD = gnu11;
				GCC_DYNAMIC_NO_PIC = NO;
				GCC_NO_COMMON_BLOCKS = YES;
				GCC_OPTIMIZATION_LEVEL = 0;
				GCC_PREPROCESSOR_DEFINITIONS = (
					"DEBUG=1",
					"$(inherited)",
				);
				GCC_WARN_64_TO_32_BIT_CONVERSION = YES;
				GCC_WARN_ABOUT_RETURN_TYPE = YES_ERROR;
				GCC_WARN_UNDECLARED_SELECTOR = YES;
				GCC_WARN_UNINITIALIZED_AUTOS = YES_AGGRESSIVE;
				GCC_WARN_UNUSED_FUNCTION = YES;
				GCC_WARN_UNUSED_VARIABLE = YES;
				IPHONEOS_DEPLOYMENT_TARGET = 16.1;
				MTL_ENABLE_DEBUG_INFO = INCLUDE_SOURCE;
				MTL_FAST_MATH = YES;
				ONLY_ACTIVE_ARCH = YES;
				SDKROOT = iphoneos;
				SWIFT_ACTIVE_COMPILATION_CONDITIONS = DEBUG;
				SWIFT_OPTIMIZATION_LEVEL = "-Onone";
			};
			name = Debug;
		};
		385A06742923F77800266DA8 /* Release */ = {
			isa = XCBuildConfiguration;
			buildSettings = {
				ALWAYS_SEARCH_USER_PATHS = NO;
				CLANG_ANALYZER_NONNULL = YES;
				CLANG_ANALYZER_NUMBER_OBJECT_CONVERSION = YES_AGGRESSIVE;
				CLANG_CXX_LANGUAGE_STANDARD = "gnu++20";
				CLANG_ENABLE_MODULES = YES;
				CLANG_ENABLE_OBJC_ARC = YES;
				CLANG_ENABLE_OBJC_WEAK = YES;
				CLANG_WARN_BLOCK_CAPTURE_AUTORELEASING = YES;
				CLANG_WARN_BOOL_CONVERSION = YES;
				CLANG_WARN_COMMA = YES;
				CLANG_WARN_CONSTANT_CONVERSION = YES;
				CLANG_WARN_DEPRECATED_OBJC_IMPLEMENTATIONS = YES;
				CLANG_WARN_DIRECT_OBJC_ISA_USAGE = YES_ERROR;
				CLANG_WARN_DOCUMENTATION_COMMENTS = YES;
				CLANG_WARN_EMPTY_BODY = YES;
				CLANG_WARN_ENUM_CONVERSION = YES;
				CLANG_WARN_INFINITE_RECURSION = YES;
				CLANG_WARN_INT_CONVERSION = YES;
				CLANG_WARN_NON_LITERAL_NULL_CONVERSION = YES;
				CLANG_WARN_OBJC_IMPLICIT_RETAIN_SELF = YES;
				CLANG_WARN_OBJC_LITERAL_CONVERSION = YES;
				CLANG_WARN_OBJC_ROOT_CLASS = YES_ERROR;
				CLANG_WARN_QUOTED_INCLUDE_IN_FRAMEWORK_HEADER = YES;
				CLANG_WARN_RANGE_LOOP_ANALYSIS = YES;
				CLANG_WARN_STRICT_PROTOTYPES = YES;
				CLANG_WARN_SUSPICIOUS_MOVE = YES;
				CLANG_WARN_UNGUARDED_AVAILABILITY = YES_AGGRESSIVE;
				CLANG_WARN_UNREACHABLE_CODE = YES;
				CLANG_WARN__DUPLICATE_METHOD_MATCH = YES;
				COPY_PHASE_STRIP = NO;
				DEBUG_INFORMATION_FORMAT = "dwarf-with-dsym";
				ENABLE_NS_ASSERTIONS = NO;
				ENABLE_STRICT_OBJC_MSGSEND = YES;
				GCC_C_LANGUAGE_STANDARD = gnu11;
				GCC_NO_COMMON_BLOCKS = YES;
				GCC_WARN_64_TO_32_BIT_CONVERSION = YES;
				GCC_WARN_ABOUT_RETURN_TYPE = YES_ERROR;
				GCC_WARN_UNDECLARED_SELECTOR = YES;
				GCC_WARN_UNINITIALIZED_AUTOS = YES_AGGRESSIVE;
				GCC_WARN_UNUSED_FUNCTION = YES;
				GCC_WARN_UNUSED_VARIABLE = YES;
				IPHONEOS_DEPLOYMENT_TARGET = 16.1;
				MTL_ENABLE_DEBUG_INFO = NO;
				MTL_FAST_MATH = YES;
				SDKROOT = iphoneos;
				SWIFT_COMPILATION_MODE = wholemodule;
				SWIFT_OPTIMIZATION_LEVEL = "-O";
				VALIDATE_PRODUCT = YES;
			};
			name = Release;
		};
		385A06762923F77800266DA8 /* Debug */ = {
			isa = XCBuildConfiguration;
			buildSettings = {
				ASSETCATALOG_COMPILER_APPICON_NAME = AppIcon;
				ASSETCATALOG_COMPILER_GLOBAL_ACCENT_COLOR_NAME = AccentColor;
				CODE_SIGN_STYLE = Automatic;
				CURRENT_PROJECT_VERSION = 1;
				DEVELOPMENT_TEAM = LU7J73C88L;
				GENERATE_INFOPLIST_FILE = YES;
				INFOPLIST_FILE = "Homework 2/Info.plist";
				INFOPLIST_KEY_UIApplicationSupportsIndirectInputEvents = YES;
				INFOPLIST_KEY_UILaunchStoryboardName = LaunchScreen;
				INFOPLIST_KEY_UIMainStoryboardFile = Main;
				INFOPLIST_KEY_UISupportedInterfaceOrientations_iPad = "UIInterfaceOrientationPortrait UIInterfaceOrientationPortraitUpsideDown UIInterfaceOrientationLandscapeLeft UIInterfaceOrientationLandscapeRight";
				INFOPLIST_KEY_UISupportedInterfaceOrientations_iPhone = "UIInterfaceOrientationPortrait UIInterfaceOrientationLandscapeLeft UIInterfaceOrientationLandscapeRight";
				LD_RUNPATH_SEARCH_PATHS = (
					"$(inherited)",
					"@executable_path/Frameworks",
				);
				MARKETING_VERSION = 1.0;
				PRODUCT_BUNDLE_IDENTIFIER = "dmitry.b.Homework-2";
				PRODUCT_NAME = "$(TARGET_NAME)";
				SWIFT_EMIT_LOC_STRINGS = YES;
				SWIFT_VERSION = 5.0;
				TARGETED_DEVICE_FAMILY = "1,2";
			};
			name = Debug;
		};
		385A06772923F77800266DA8 /* Release */ = {
			isa = XCBuildConfiguration;
			buildSettings = {
				ASSETCATALOG_COMPILER_APPICON_NAME = AppIcon;
				ASSETCATALOG_COMPILER_GLOBAL_ACCENT_COLOR_NAME = AccentColor;
				CODE_SIGN_STYLE = Automatic;
				CURRENT_PROJECT_VERSION = 1;
				DEVELOPMENT_TEAM = LU7J73C88L;
				GENERATE_INFOPLIST_FILE = YES;
				INFOPLIST_FILE = "Homework 2/Info.plist";
				INFOPLIST_KEY_UIApplicationSupportsIndirectInputEvents = YES;
				INFOPLIST_KEY_UILaunchStoryboardName = LaunchScreen;
				INFOPLIST_KEY_UIMainStoryboardFile = Main;
				INFOPLIST_KEY_UISupportedInterfaceOrientations_iPad = "UIInterfaceOrientationPortrait UIInterfaceOrientationPortraitUpsideDown UIInterfaceOrientationLandscapeLeft UIInterfaceOrientationLandscapeRight";
				INFOPLIST_KEY_UISupportedInterfaceOrientations_iPhone = "UIInterfaceOrientationPortrait UIInterfaceOrientationLandscapeLeft UIInterfaceOrientationLandscapeRight";
				LD_RUNPATH_SEARCH_PATHS = (
					"$(inherited)",
					"@executable_path/Frameworks",
				);
				MARKETING_VERSION = 1.0;
				PRODUCT_BUNDLE_IDENTIFIER = "dmitry.b.Homework-2";
				PRODUCT_NAME = "$(TARGET_NAME)";
				SWIFT_EMIT_LOC_STRINGS = YES;
				SWIFT_VERSION = 5.0;
				TARGETED_DEVICE_FAMILY = "1,2";
			};
			name = Release;
		};
/* End XCBuildConfiguration section */

/* Begin XCConfigurationList section */
		385A065C2923F77700266DA8 /* Build configuration list for PBXProject "Homework 2" */ = {
			isa = XCConfigurationList;
			buildConfigurations = (
				385A06732923F77800266DA8 /* Debug */,
				385A06742923F77800266DA8 /* Release */,
			);
			defaultConfigurationIsVisible = 0;
			defaultConfigurationName = Release;
		};
		385A06752923F77800266DA8 /* Build configuration list for PBXNativeTarget "Homework 2" */ = {
			isa = XCConfigurationList;
			buildConfigurations = (
				385A06762923F77800266DA8 /* Debug */,
				385A06772923F77800266DA8 /* Release */,
			);
			defaultConfigurationIsVisible = 0;
			defaultConfigurationName = Release;
		};
/* End XCConfigurationList section */
	};
	rootObject = 385A06592923F77700266DA8 /* Project object */;
}
